
Microsoft Visual Studio Solution File, Format Version 12.00
Project("{FAE04EC0-301F-11D3-BF4B-00C04F79EFBC}") = "Filexer", "Filexer.csproj", "{31783BB2-BCA8-4EAC-847B-27B77E2EE5F4}"
EndProject
Global
	GlobalSection(SolutionConfigurationPlatforms) = preSolution
		Debug|Any CPU = Debug|Any CPU
		Release|Any CPU = Release|Any CPU
	EndGlobalSection
	GlobalSection(ProjectConfigurationPlatforms) = postSolution
		{31783BB2-BCA8-4EAC-847B-27B77E2EE5F4}.Debug|Any CPU.ActiveCfg = Debug|Any CPU
		{31783BB2-BCA8-4EAC-847B-27B77E2EE5F4}.Debug|Any CPU.Build.0 = Debug|Any CPU
		{31783BB2-BCA8-4EAC-847B-27B77E2EE5F4}.Release|Any CPU.ActiveCfg = Release|Any CPU
		{31783BB2-BCA8-4EAC-847B-27B77E2EE5F4}.Release|Any CPU.Build.0 = Release|Any CPU
	EndGlobalSection
EndGlobal
